
Microsoft Visual Studio Solution File, Format Version 12.00
# Visual Studio 15
VisualStudioVersion = 15.0.27428.2043
MinimumVisualStudioVersion = 10.0.40219.1
Project("{FAE04EC0-301F-11D3-BF4B-00C04F79EFBC}") = "CarBMW", "CarBMW\CarBMW.csproj", "{F3488951-677C-4F9D-A921-32AE85C5C467}"
EndProject
Global
	GlobalSection(SolutionConfigurationPlatforms) = preSolution
		Debug|Any CPU = Debug|Any CPU
		Release|Any CPU = Release|Any CPU
	EndGlobalSection
	GlobalSection(ProjectConfigurationPlatforms) = postSolution
		{F3488951-677C-4F9D-A921-32AE85C5C467}.Debug|Any CPU.ActiveCfg = Debug|Any CPU
		{F3488951-677C-4F9D-A921-32AE85C5C467}.Debug|Any CPU.Build.0 = Debug|Any CPU
		{F3488951-677C-4F9D-A921-32AE85C5C467}.Release|Any CPU.ActiveCfg = Release|Any CPU
		{F3488951-677C-4F9D-A921-32AE85C5C467}.Release|Any CPU.Build.0 = Release|Any CPU
	EndGlobalSection
	GlobalSection(SolutionProperties) = preSolution
		HideSolutionNode = FALSE
	EndGlobalSection
	GlobalSection(ExtensibilityGlobals) = postSolution
		SolutionGuid = {2D3315F5-ADA9-487C-B8B6-B0EEAF055AF3}
	EndGlobalSection
EndGlobal
