
Microsoft Visual Studio Solution File, Format Version 12.00
# Visual Studio 15
VisualStudioVersion = 15.0.27428.2043
MinimumVisualStudioVersion = 10.0.40219.1
Project("{FAE04EC0-301F-11D3-BF4B-00C04F79EFBC}") = "Dev9", "WebDriver1\Dev9.csproj", "{17118970-607E-4CE3-950E-1557E26C4CFA}"
EndProject
Global
	GlobalSection(SolutionConfigurationPlatforms) = preSolution
		Debug|Any CPU = Debug|Any CPU
		Release|Any CPU = Release|Any CPU
	EndGlobalSection
	GlobalSection(ProjectConfigurationPlatforms) = postSolution
		{17118970-607E-4CE3-950E-1557E26C4CFA}.Debug|Any CPU.ActiveCfg = Debug|Any CPU
		{17118970-607E-4CE3-950E-1557E26C4CFA}.Debug|Any CPU.Build.0 = Debug|Any CPU
		{17118970-607E-4CE3-950E-1557E26C4CFA}.Release|Any CPU.ActiveCfg = Release|Any CPU
		{17118970-607E-4CE3-950E-1557E26C4CFA}.Release|Any CPU.Build.0 = Release|Any CPU
	EndGlobalSection
	GlobalSection(SolutionProperties) = preSolution
		HideSolutionNode = FALSE
	EndGlobalSection
	GlobalSection(ExtensibilityGlobals) = postSolution
		SolutionGuid = {069C9781-99B3-429D-8C9A-233226411528}
	EndGlobalSection
EndGlobal
