
Microsoft Visual Studio Solution File, Format Version 12.00
# Visual Studio 15
VisualStudioVersion = 15.0.27703.2000
MinimumVisualStudioVersion = 10.0.40219.1
Project("{FAE04EC0-301F-11D3-BF4B-00C04F79EFBC}") = "Task_4", "DEV8\Task_4.csproj", "{EEEA3E6A-E765-4703-A9C7-374E840FB7E5}"
EndProject
Global
	GlobalSection(SolutionConfigurationPlatforms) = preSolution
		Debug|Any CPU = Debug|Any CPU
		Release|Any CPU = Release|Any CPU
	EndGlobalSection
	GlobalSection(ProjectConfigurationPlatforms) = postSolution
		{EEEA3E6A-E765-4703-A9C7-374E840FB7E5}.Debug|Any CPU.ActiveCfg = Debug|Any CPU
		{EEEA3E6A-E765-4703-A9C7-374E840FB7E5}.Debug|Any CPU.Build.0 = Debug|Any CPU
		{EEEA3E6A-E765-4703-A9C7-374E840FB7E5}.Release|Any CPU.ActiveCfg = Release|Any CPU
		{EEEA3E6A-E765-4703-A9C7-374E840FB7E5}.Release|Any CPU.Build.0 = Release|Any CPU
	EndGlobalSection
	GlobalSection(SolutionProperties) = preSolution
		HideSolutionNode = FALSE
	EndGlobalSection
	GlobalSection(ExtensibilityGlobals) = postSolution
		SolutionGuid = {B594A38F-BFC8-48F8-A1D1-233A9243E257}
	EndGlobalSection
EndGlobal
